{
    "requires": true,
    "lockfileVersion": 1,
    "dependencies": {
        "stisla-theme": {
            "version": "1.0.6",
            "resolved": "https://registry.npmjs.org/stisla-theme/-/stisla-theme-1.0.6.tgz",
            "integrity": "sha512-ccMXkEJ/u98db5Kp5Ubb1IIM0AArZu2hTznOrau2WCdoqPjR5wBvZevCVosSffN2OajhwwN2GkQ5e1LkD9y50w=="
        }
    }
}
